// !$*UTF8*$!
{
	archiveVersion = 1;
	classes = {
	};
	objectVersion = 50;
	objects = {

/* Begin PBXBuildFile section */
		80189CEAA370433C4A021F7C /* Pods_HomeWorkerClassGen.framework in Frameworks */ = {isa = PBXBuildFile; fileRef = CB525BE53E73D7BA2858878A /* Pods_HomeWorkerClassGen.framework */; };
		C34AF403216112E3007DD25D /* Onboarding.swift in Sources */ = {isa = PBXBuildFile; fileRef = C34AF402216112E3007DD25D /* Onboarding.swift */; };
		C34AF407216114F4007DD25D /* SettingsPage.swift in Sources */ = {isa = PBXBuildFile; fileRef = C34AF406216114F4007DD25D /* SettingsPage.swift */; };
		C34AF4092161350F007DD25D /* SlantedView.swift in Sources */ = {isa = PBXBuildFile; fileRef = C34AF4082161350F007DD25D /* SlantedView.swift */; };
		C34AF40D21616A01007DD25D /* Button.swift in Sources */ = {isa = PBXBuildFile; fileRef = C34AF40C21616A01007DD25D /* Button.swift */; };
		C359F0EF219257CF002F4FB9 /* SignUpController.swift in Sources */ = {isa = PBXBuildFile; fileRef = C359F0EE219257CF002F4FB9 /* SignUpController.swift */; };
		C359F0F12193698F002F4FB9 /* SignInController.swift in Sources */ = {isa = PBXBuildFile; fileRef = C359F0F02193698F002F4FB9 /* SignInController.swift */; };
		C359F0F32193B717002F4FB9 /* GoogleService-Info.plist in Resources */ = {isa = PBXBuildFile; fileRef = C359F0F22193B717002F4FB9 /* GoogleService-Info.plist */; };
		C35E56AA219F0F370088113F /* Storage.swift in Sources */ = {isa = PBXBuildFile; fileRef = C35E56A9219F0F370088113F /* Storage.swift */; };
		C35E56AD21A45EA00088113F /* Classes.swift in Sources */ = {isa = PBXBuildFile; fileRef = C35E56AC21A45EA00088113F /* Classes.swift */; };
		C35E56AF21A594DE0088113F /* JunkFile.swift in Sources */ = {isa = PBXBuildFile; fileRef = C35E56AE21A594DE0088113F /* JunkFile.swift */; };
		C35FF04A2170E85C004AE2AA /* AssignmentViewController.swift in Sources */ = {isa = PBXBuildFile; fileRef = C35FF0492170E85C004AE2AA /* AssignmentViewController.swift */; };
		C372663F218E42370011BBEF /* NewClassViewController.swift in Sources */ = {isa = PBXBuildFile; fileRef = C372663E218E42370011BBEF /* NewClassViewController.swift */; };
		C376B03E2187AB7B00D4C1A7 /* UIViewControllerExtension.swift in Sources */ = {isa = PBXBuildFile; fileRef = C376B03D2187AB7B00D4C1A7 /* UIViewControllerExtension.swift */; };
		C37C3482218F3FC000FBBB87 /* NewOption.swift in Sources */ = {isa = PBXBuildFile; fileRef = C37C3481218F3FC000FBBB87 /* NewOption.swift */; };
		C399AC4621812D1600527F2B /* NewAssignmentView.swift in Sources */ = {isa = PBXBuildFile; fileRef = C399AC4521812D1600527F2B /* NewAssignmentView.swift */; };
		C3A20D9F2167B9250054440A /* Onboarding.storyboard in Resources */ = {isa = PBXBuildFile; fileRef = C3A20D9E2167B9250054440A /* Onboarding.storyboard */; };
		C3A6333C215D9C1D004278E4 /* AppDelegate.swift in Sources */ = {isa = PBXBuildFile; fileRef = C3A6333B215D9C1D004278E4 /* AppDelegate.swift */; };
		C3A63341215D9C1D004278E4 /* Main.storyboard in Resources */ = {isa = PBXBuildFile; fileRef = C3A6333F215D9C1D004278E4 /* Main.storyboard */; };
		C3A63343215D9C1E004278E4 /* Assets.xcassets in Resources */ = {isa = PBXBuildFile; fileRef = C3A63342215D9C1E004278E4 /* Assets.xcassets */; };
		C3A63346215D9C1E004278E4 /* LaunchScreen.storyboard in Resources */ = {isa = PBXBuildFile; fileRef = C3A63344215D9C1E004278E4 /* LaunchScreen.storyboard */; };
		C3A63351215D9C71004278E4 /* HomeWork.swift in Sources */ = {isa = PBXBuildFile; fileRef = C3A63350215D9C71004278E4 /* HomeWork.swift */; };
		C3A63353215D9C9E004278E4 /* TabBar.swift in Sources */ = {isa = PBXBuildFile; fileRef = C3A63352215D9C9E004278E4 /* TabBar.swift */; };
		C3A63356215D9CD2004278E4 /* Colors.swift in Sources */ = {isa = PBXBuildFile; fileRef = C3A63355215D9CD2004278E4 /* Colors.swift */; };
		C3A63359215D9D24004278E4 /* HomeWorkCell.swift in Sources */ = {isa = PBXBuildFile; fileRef = C3A63358215D9D24004278E4 /* HomeWorkCell.swift */; };
		C3A6335C215DA0D5004278E4 /* InformationScreens.swift in Sources */ = {isa = PBXBuildFile; fileRef = C3A6335B215DA0D5004278E4 /* InformationScreens.swift */; };
		C3B7E3AC216C12BC0043AC43 /* WorkView.swift in Sources */ = {isa = PBXBuildFile; fileRef = C3B7E3AB216C12BC0043AC43 /* WorkView.swift */; };
		C3B7E3AE216D00230043AC43 /* PhotoCell.swift in Sources */ = {isa = PBXBuildFile; fileRef = C3B7E3AD216D00230043AC43 /* PhotoCell.swift */; };
		C3B7E3B5216D65FD0043AC43 /* AuthActions.swift in Sources */ = {isa = PBXBuildFile; fileRef = C3B7E3B4216D65FD0043AC43 /* AuthActions.swift */; };
		C3EBEEFB2186777D00B7F901 /* NewOptionSubView.swift in Sources */ = {isa = PBXBuildFile; fileRef = C3EBEEFA2186777D00B7F901 /* NewOptionSubView.swift */; };
		C3F0ECE02176ACFB00C0AC1B /* ColorView.swift in Sources */ = {isa = PBXBuildFile; fileRef = C3F0ECDF2176ACFB00C0AC1B /* ColorView.swift */; };
		C3F0ECE22176B11E00C0AC1B /* ColorTap.swift in Sources */ = {isa = PBXBuildFile; fileRef = C3F0ECE12176B11E00C0AC1B /* ColorTap.swift */; };
		C3F0ECE4217BE0EF00C0AC1B /* CollectionViewCells.swift in Sources */ = {isa = PBXBuildFile; fileRef = C3F0ECE3217BE0EF00C0AC1B /* CollectionViewCells.swift */; };
/* End PBXBuildFile section */

/* Begin PBXFileReference section */
		05947C263C5A272C4E005408 /* Pods-HomeWorkerClassGen.debug.xcconfig */ = {isa = PBXFileReference; includeInIndex = 1; lastKnownFileType = text.xcconfig; name = "Pods-HomeWorkerClassGen.debug.xcconfig"; path = "Pods/Target Support Files/Pods-HomeWorkerClassGen/Pods-HomeWorkerClassGen.debug.xcconfig"; sourceTree = "<group>"; };
		4B3A662EBDB0EB71139319B4 /* Pods-HomeWorkerClassGen.release.xcconfig */ = {isa = PBXFileReference; includeInIndex = 1; lastKnownFileType = text.xcconfig; name = "Pods-HomeWorkerClassGen.release.xcconfig"; path = "Pods/Target Support Files/Pods-HomeWorkerClassGen/Pods-HomeWorkerClassGen.release.xcconfig"; sourceTree = "<group>"; };
		C34AF402216112E3007DD25D /* Onboarding.swift */ = {isa = PBXFileReference; lastKnownFileType = sourcecode.swift; path = Onboarding.swift; sourceTree = "<group>"; };
		C34AF406216114F4007DD25D /* SettingsPage.swift */ = {isa = PBXFileReference; lastKnownFileType = sourcecode.swift; path = SettingsPage.swift; sourceTree = "<group>"; };
		C34AF4082161350F007DD25D /* SlantedView.swift */ = {isa = PBXFileReference; lastKnownFileType = sourcecode.swift; path = SlantedView.swift; sourceTree = "<group>"; };
		C34AF40C21616A01007DD25D /* Button.swift */ = {isa = PBXFileReference; lastKnownFileType = sourcecode.swift; path = Button.swift; sourceTree = "<group>"; };
		C359F0EE219257CF002F4FB9 /* SignUpController.swift */ = {isa = PBXFileReference; lastKnownFileType = sourcecode.swift; path = SignUpController.swift; sourceTree = "<group>"; };
		C359F0F02193698F002F4FB9 /* SignInController.swift */ = {isa = PBXFileReference; lastKnownFileType = sourcecode.swift; path = SignInController.swift; sourceTree = "<group>"; };
		C359F0F22193B717002F4FB9 /* GoogleService-Info.plist */ = {isa = PBXFileReference; fileEncoding = 4; lastKnownFileType = text.plist.xml; path = "GoogleService-Info.plist"; sourceTree = "<group>"; };
		C359F0F821976FD8002F4FB9 /* README.md */ = {isa = PBXFileReference; lastKnownFileType = net.daringfireball.markdown; path = README.md; sourceTree = "<group>"; };
		C35E56A9219F0F370088113F /* Storage.swift */ = {isa = PBXFileReference; lastKnownFileType = sourcecode.swift; path = Storage.swift; sourceTree = "<group>"; };
		C35E56AC21A45EA00088113F /* Classes.swift */ = {isa = PBXFileReference; lastKnownFileType = sourcecode.swift; path = Classes.swift; sourceTree = "<group>"; };
		C35E56AE21A594DE0088113F /* JunkFile.swift */ = {isa = PBXFileReference; lastKnownFileType = sourcecode.swift; path = JunkFile.swift; sourceTree = "<group>"; };
		C35FF0492170E85C004AE2AA /* AssignmentViewController.swift */ = {isa = PBXFileReference; lastKnownFileType = sourcecode.swift; path = AssignmentViewController.swift; sourceTree = "<group>"; };
		C372663E218E42370011BBEF /* NewClassViewController.swift */ = {isa = PBXFileReference; lastKnownFileType = sourcecode.swift; path = NewClassViewController.swift; sourceTree = "<group>"; };
		C376B03D2187AB7B00D4C1A7 /* UIViewControllerExtension.swift */ = {isa = PBXFileReference; lastKnownFileType = sourcecode.swift; path = UIViewControllerExtension.swift; sourceTree = "<group>"; };
		C37C3481218F3FC000FBBB87 /* NewOption.swift */ = {isa = PBXFileReference; lastKnownFileType = sourcecode.swift; path = NewOption.swift; sourceTree = "<group>"; };
		C399AC4521812D1600527F2B /* NewAssignmentView.swift */ = {isa = PBXFileReference; lastKnownFileType = sourcecode.swift; path = NewAssignmentView.swift; sourceTree = "<group>"; };
		C3A20D9E2167B9250054440A /* Onboarding.storyboard */ = {isa = PBXFileReference; lastKnownFileType = file.storyboard; path = Onboarding.storyboard; sourceTree = "<group>"; };
		C3A63338215D9C1D004278E4 /* HomeWorkerClassGen.app */ = {isa = PBXFileReference; explicitFileType = wrapper.application; includeInIndex = 0; path = HomeWorkerClassGen.app; sourceTree = BUILT_PRODUCTS_DIR; };
		C3A6333B215D9C1D004278E4 /* AppDelegate.swift */ = {isa = PBXFileReference; lastKnownFileType = sourcecode.swift; path = AppDelegate.swift; sourceTree = "<group>"; };
		C3A63340215D9C1D004278E4 /* Base */ = {isa = PBXFileReference; lastKnownFileType = file.storyboard; name = Base; path = Base.lproj/Main.storyboard; sourceTree = "<group>"; };
		C3A63342215D9C1E004278E4 /* Assets.xcassets */ = {isa = PBXFileReference; lastKnownFileType = folder.assetcatalog; path = Assets.xcassets; sourceTree = "<group>"; };
		C3A63345215D9C1E004278E4 /* Base */ = {isa = PBXFileReference; lastKnownFileType = file.storyboard; name = Base; path = Base.lproj/LaunchScreen.storyboard; sourceTree = "<group>"; };
		C3A63347215D9C1E004278E4 /* Info.plist */ = {isa = PBXFileReference; lastKnownFileType = text.plist.xml; path = Info.plist; sourceTree = "<group>"; };
		C3A63350215D9C71004278E4 /* HomeWork.swift */ = {isa = PBXFileReference; lastKnownFileType = sourcecode.swift; path = HomeWork.swift; sourceTree = "<group>"; };
		C3A63352215D9C9E004278E4 /* TabBar.swift */ = {isa = PBXFileReference; lastKnownFileType = sourcecode.swift; path = TabBar.swift; sourceTree = "<group>"; };
		C3A63355215D9CD2004278E4 /* Colors.swift */ = {isa = PBXFileReference; lastKnownFileType = sourcecode.swift; path = Colors.swift; sourceTree = "<group>"; };
		C3A63358215D9D24004278E4 /* HomeWorkCell.swift */ = {isa = PBXFileReference; lastKnownFileType = sourcecode.swift; path = HomeWorkCell.swift; sourceTree = "<group>"; };
		C3A6335B215DA0D5004278E4 /* InformationScreens.swift */ = {isa = PBXFileReference; lastKnownFileType = sourcecode.swift; path = InformationScreens.swift; sourceTree = "<group>"; };
		C3B7E3AB216C12BC0043AC43 /* WorkView.swift */ = {isa = PBXFileReference; lastKnownFileType = sourcecode.swift; path = WorkView.swift; sourceTree = "<group>"; };
		C3B7E3AD216D00230043AC43 /* PhotoCell.swift */ = {isa = PBXFileReference; lastKnownFileType = sourcecode.swift; path = PhotoCell.swift; sourceTree = "<group>"; };
		C3B7E3B4216D65FD0043AC43 /* AuthActions.swift */ = {isa = PBXFileReference; lastKnownFileType = sourcecode.swift; path = AuthActions.swift; sourceTree = "<group>"; };
		C3EBEEFA2186777D00B7F901 /* NewOptionSubView.swift */ = {isa = PBXFileReference; lastKnownFileType = sourcecode.swift; path = NewOptionSubView.swift; sourceTree = "<group>"; };
		C3F0ECDF2176ACFB00C0AC1B /* ColorView.swift */ = {isa = PBXFileReference; lastKnownFileType = sourcecode.swift; path = ColorView.swift; sourceTree = "<group>"; };
		C3F0ECE12176B11E00C0AC1B /* ColorTap.swift */ = {isa = PBXFileReference; lastKnownFileType = sourcecode.swift; path = ColorTap.swift; sourceTree = "<group>"; };
		C3F0ECE3217BE0EF00C0AC1B /* CollectionViewCells.swift */ = {isa = PBXFileReference; lastKnownFileType = sourcecode.swift; path = CollectionViewCells.swift; sourceTree = "<group>"; };
		CB525BE53E73D7BA2858878A /* Pods_HomeWorkerClassGen.framework */ = {isa = PBXFileReference; explicitFileType = wrapper.framework; includeInIndex = 0; path = Pods_HomeWorkerClassGen.framework; sourceTree = BUILT_PRODUCTS_DIR; };
/* End PBXFileReference section */

/* Begin PBXFrameworksBuildPhase section */
		C3A63335215D9C1D004278E4 /* Frameworks */ = {
			isa = PBXFrameworksBuildPhase;
			buildActionMask = 2147483647;
			files = (
				80189CEAA370433C4A021F7C /* Pods_HomeWorkerClassGen.framework in Frameworks */,
			);
			runOnlyForDeploymentPostprocessing = 0;
		};
/* End PBXFrameworksBuildPhase section */

/* Begin PBXGroup section */
		8F1363A8A8B8891049C67F4F /* Pods */ = {
			isa = PBXGroup;
			children = (
				05947C263C5A272C4E005408 /* Pods-HomeWorkerClassGen.debug.xcconfig */,
				4B3A662EBDB0EB71139319B4 /* Pods-HomeWorkerClassGen.release.xcconfig */,
			);
			name = Pods;
			sourceTree = "<group>";
		};
		BBBA1846307918B0F2D197EB /* Frameworks */ = {
			isa = PBXGroup;
			children = (
				CB525BE53E73D7BA2858878A /* Pods_HomeWorkerClassGen.framework */,
			);
			name = Frameworks;
			sourceTree = "<group>";
		};
		C359F0F42197698D002F4FB9 /* AuthenticationController */ = {
			isa = PBXGroup;
			children = (
				C359F0EE219257CF002F4FB9 /* SignUpController.swift */,
				C359F0F02193698F002F4FB9 /* SignInController.swift */,
			);
			path = AuthenticationController;
			sourceTree = "<group>";
		};
		C359F0F5219769AB002F4FB9 /* ObjectCreation */ = {
			isa = PBXGroup;
			children = (
				C399AC4521812D1600527F2B /* NewAssignmentView.swift */,
				C372663E218E42370011BBEF /* NewClassViewController.swift */,
			);
			path = ObjectCreation;
			sourceTree = "<group>";
		};
		C35E56AB21A45E660088113F /* LocalModal */ = {
			isa = PBXGroup;
			children = (
				C3A63350215D9C71004278E4 /* HomeWork.swift */,
				C37C3481218F3FC000FBBB87 /* NewOption.swift */,
				C34AF402216112E3007DD25D /* Onboarding.swift */,
				C35E56AC21A45EA00088113F /* Classes.swift */,
			);
			path = LocalModal;
			sourceTree = "<group>";
		};
		C3A6332F215D9C1D004278E4 = {
			isa = PBXGroup;
			children = (
				C35E56AE21A594DE0088113F /* JunkFile.swift */,
				C359F0F821976FD8002F4FB9 /* README.md */,
				C3A6333A215D9C1D004278E4 /* HomeWorkerClassGen */,
				C3A63339215D9C1D004278E4 /* Products */,
				8F1363A8A8B8891049C67F4F /* Pods */,
				BBBA1846307918B0F2D197EB /* Frameworks */,
			);
			sourceTree = "<group>";
		};
		C3A63339215D9C1D004278E4 /* Products */ = {
			isa = PBXGroup;
			children = (
				C3A63338215D9C1D004278E4 /* HomeWorkerClassGen.app */,
			);
			name = Products;
			sourceTree = "<group>";
		};
		C3A6333A215D9C1D004278E4 /* HomeWorkerClassGen */ = {
			isa = PBXGroup;
			children = (
				C3A6333B215D9C1D004278E4 /* AppDelegate.swift */,
				C3A6334F215D9C4F004278E4 /* Controller */,
				C3A6334E215D9C46004278E4 /* Model */,
				C3A6334D215D9C3B004278E4 /* VIew */,
				C3A63342215D9C1E004278E4 /* Assets.xcassets */,
				C3A63344215D9C1E004278E4 /* LaunchScreen.storyboard */,
				C3A63347215D9C1E004278E4 /* Info.plist */,
				C359F0F22193B717002F4FB9 /* GoogleService-Info.plist */,
			);
			path = HomeWorkerClassGen;
			sourceTree = "<group>";
		};
		C3A6334D215D9C3B004278E4 /* VIew */ = {
			isa = PBXGroup;
			children = (
				C3A63357215D9D0E004278E4 /* TableCells */,
				C3A63354215D9CC1004278E4 /* LocalExtensions */,
				C3A6333F215D9C1D004278E4 /* Main.storyboard */,
				C3A63352215D9C9E004278E4 /* TabBar.swift */,
				C34AF4082161350F007DD25D /* SlantedView.swift */,
				C34AF40C21616A01007DD25D /* Button.swift */,
				C3A20D9E2167B9250054440A /* Onboarding.storyboard */,
				C3F0ECE3217BE0EF00C0AC1B /* CollectionViewCells.swift */,
				C3EBEEFA2186777D00B7F901 /* NewOptionSubView.swift */,
			);
			path = VIew;
			sourceTree = "<group>";
		};
		C3A6334E215D9C46004278E4 /* Model */ = {
			isa = PBXGroup;
			children = (
				C35E56AB21A45E660088113F /* LocalModal */,
				C3B7E3AF216D65DA0043AC43 /* DataFuncs */,
			);
			path = Model;
			sourceTree = "<group>";
		};
		C3A6334F215D9C4F004278E4 /* Controller */ = {
			isa = PBXGroup;
			children = (
				C359F0F5219769AB002F4FB9 /* ObjectCreation */,
				C359F0F42197698D002F4FB9 /* AuthenticationController */,
				C3A6335A215DA0BE004278E4 /* Onboarding */,
				C34AF406216114F4007DD25D /* SettingsPage.swift */,
				C3B7E3AB216C12BC0043AC43 /* WorkView.swift */,
				C35FF0492170E85C004AE2AA /* AssignmentViewController.swift */,
			);
			path = Controller;
			sourceTree = "<group>";
		};
		C3A63354215D9CC1004278E4 /* LocalExtensions */ = {
			isa = PBXGroup;
			children = (
				C3A63355215D9CD2004278E4 /* Colors.swift */,
				C3F0ECDF2176ACFB00C0AC1B /* ColorView.swift */,
				C3F0ECE12176B11E00C0AC1B /* ColorTap.swift */,
				C376B03D2187AB7B00D4C1A7 /* UIViewControllerExtension.swift */,
			);
			path = LocalExtensions;
			sourceTree = "<group>";
		};
		C3A63357215D9D0E004278E4 /* TableCells */ = {
			isa = PBXGroup;
			children = (
				C3A63358215D9D24004278E4 /* HomeWorkCell.swift */,
				C3B7E3AD216D00230043AC43 /* PhotoCell.swift */,
			);
			path = TableCells;
			sourceTree = "<group>";
		};
		C3A6335A215DA0BE004278E4 /* Onboarding */ = {
			isa = PBXGroup;
			children = (
				C3A6335B215DA0D5004278E4 /* InformationScreens.swift */,
			);
			path = Onboarding;
			sourceTree = "<group>";
		};
		C3B7E3AF216D65DA0043AC43 /* DataFuncs */ = {
			isa = PBXGroup;
			children = (
				C3B7E3B4216D65FD0043AC43 /* AuthActions.swift */,
				C35E56A9219F0F370088113F /* Storage.swift */,
			);
			path = DataFuncs;
			sourceTree = "<group>";
		};
/* End PBXGroup section */

/* Begin PBXNativeTarget section */
		C3A63337215D9C1D004278E4 /* HomeWorkerClassGen */ = {
			isa = PBXNativeTarget;
			buildConfigurationList = C3A6334A215D9C1E004278E4 /* Build configuration list for PBXNativeTarget "HomeWorkerClassGen" */;
			buildPhases = (
				557ACFE42CBE3C3A3797F94E /* [CP] Check Pods Manifest.lock */,
				C3A63334215D9C1D004278E4 /* Sources */,
				C3A63335215D9C1D004278E4 /* Frameworks */,
				C3A63336215D9C1D004278E4 /* Resources */,
				DD97ADC4FA21CFB4D568590B /* [CP] Embed Pods Frameworks */,
			);
			buildRules = (
			);
			dependencies = (
			);
			name = HomeWorkerClassGen;
			productName = HomeWorkerClassGen;
			productReference = C3A63338215D9C1D004278E4 /* HomeWorkerClassGen.app */;
			productType = "com.apple.product-type.application";
		};
/* End PBXNativeTarget section */

/* Begin PBXProject section */
		C3A63330215D9C1D004278E4 /* Project object */ = {
			isa = PBXProject;
			attributes = {
				LastSwiftUpdateCheck = 1000;
				LastUpgradeCheck = 1000;
				ORGANIZATIONNAME = "Angry Bear Coding Studios";
				TargetAttributes = {
					C3A63337215D9C1D004278E4 = {
						CreatedOnToolsVersion = 10.0;
					};
				};
			};
			buildConfigurationList = C3A63333215D9C1D004278E4 /* Build configuration list for PBXProject "HomeWorkerClassGen" */;
			compatibilityVersion = "Xcode 9.3";
			developmentRegion = en;
			hasScannedForEncodings = 0;
			knownRegions = (
				en,
				Base,
			);
			mainGroup = C3A6332F215D9C1D004278E4;
			productRefGroup = C3A63339215D9C1D004278E4 /* Products */;
			projectDirPath = "";
			projectRoot = "";
			targets = (
				C3A63337215D9C1D004278E4 /* HomeWorkerClassGen */,
			);
		};
/* End PBXProject section */

/* Begin PBXResourcesBuildPhase section */
		C3A63336215D9C1D004278E4 /* Resources */ = {
			isa = PBXResourcesBuildPhase;
			buildActionMask = 2147483647;
			files = (
				C3A63346215D9C1E004278E4 /* LaunchScreen.storyboard in Resources */,
				C3A20D9F2167B9250054440A /* Onboarding.storyboard in Resources */,
				C359F0F32193B717002F4FB9 /* GoogleService-Info.plist in Resources */,
				C3A63343215D9C1E004278E4 /* Assets.xcassets in Resources */,
				C3A63341215D9C1D004278E4 /* Main.storyboard in Resources */,
			);
			runOnlyForDeploymentPostprocessing = 0;
		};
/* End PBXResourcesBuildPhase section */

/* Begin PBXShellScriptBuildPhase section */
		557ACFE42CBE3C3A3797F94E /* [CP] Check Pods Manifest.lock */ = {
			isa = PBXShellScriptBuildPhase;
			buildActionMask = 2147483647;
			files = (
			);
			inputPaths = (
				"${PODS_PODFILE_DIR_PATH}/Podfile.lock",
				"${PODS_ROOT}/Manifest.lock",
			);
			name = "[CP] Check Pods Manifest.lock";
			outputPaths = (
				"$(DERIVED_FILE_DIR)/Pods-HomeWorkerClassGen-checkManifestLockResult.txt",
			);
			runOnlyForDeploymentPostprocessing = 0;
			shellPath = /bin/sh;
			shellScript = "diff \"${PODS_PODFILE_DIR_PATH}/Podfile.lock\" \"${PODS_ROOT}/Manifest.lock\" > /dev/null\nif [ $? != 0 ] ; then\n    # print error to STDERR\n    echo \"error: The sandbox is not in sync with the Podfile.lock. Run 'pod install' or update your CocoaPods installation.\" >&2\n    exit 1\nfi\n# This output is used by Xcode 'outputs' to avoid re-running this script phase.\necho \"SUCCESS\" > \"${SCRIPT_OUTPUT_FILE_0}\"\n";
			showEnvVarsInLog = 0;
		};
		DD97ADC4FA21CFB4D568590B /* [CP] Embed Pods Frameworks */ = {
			isa = PBXShellScriptBuildPhase;
			buildActionMask = 2147483647;
			files = (
			);
			inputPaths = (
				"${SRCROOT}/Pods/Target Support Files/Pods-HomeWorkerClassGen/Pods-HomeWorkerClassGen-frameworks.sh",
				"${BUILT_PRODUCTS_DIR}/Disk/Disk.framework",
				"${BUILT_PRODUCTS_DIR}/GTMSessionFetcher/GTMSessionFetcher.framework",
				"${BUILT_PRODUCTS_DIR}/GoogleUtilities/GoogleUtilities.framework",
				"${BUILT_PRODUCTS_DIR}/SwiftKeychainWrapper/SwiftKeychainWrapper.framework",
				"${BUILT_PRODUCTS_DIR}/SwiftyJSON/SwiftyJSON.framework",
				"${BUILT_PRODUCTS_DIR}/SwiftyJSONModel/SwiftyJSONModel.framework",
				"${BUILT_PRODUCTS_DIR}/leveldb-library/leveldb.framework",
				"${BUILT_PRODUCTS_DIR}/nanopb/nanopb.framework",
			);
			name = "[CP] Embed Pods Frameworks";
			outputPaths = (
				"${TARGET_BUILD_DIR}/${FRAMEWORKS_FOLDER_PATH}/Disk.framework",
				"${TARGET_BUILD_DIR}/${FRAMEWORKS_FOLDER_PATH}/GTMSessionFetcher.framework",
				"${TARGET_BUILD_DIR}/${FRAMEWORKS_FOLDER_PATH}/GoogleUtilities.framework",
				"${TARGET_BUILD_DIR}/${FRAMEWORKS_FOLDER_PATH}/SwiftKeychainWrapper.framework",
				"${TARGET_BUILD_DIR}/${FRAMEWORKS_FOLDER_PATH}/SwiftyJSON.framework",
				"${TARGET_BUILD_DIR}/${FRAMEWORKS_FOLDER_PATH}/SwiftyJSONModel.framework",
				"${TARGET_BUILD_DIR}/${FRAMEWORKS_FOLDER_PATH}/leveldb.framework",
				"${TARGET_BUILD_DIR}/${FRAMEWORKS_FOLDER_PATH}/nanopb.framework",
			);
			runOnlyForDeploymentPostprocessing = 0;
			shellPath = /bin/sh;
			shellScript = "\"${SRCROOT}/Pods/Target Support Files/Pods-HomeWorkerClassGen/Pods-HomeWorkerClassGen-frameworks.sh\"\n";
			showEnvVarsInLog = 0;
		};
/* End PBXShellScriptBuildPhase section */

/* Begin PBXSourcesBuildPhase section */
		C3A63334215D9C1D004278E4 /* Sources */ = {
			isa = PBXSourcesBuildPhase;
			buildActionMask = 2147483647;
			files = (
				C3EBEEFB2186777D00B7F901 /* NewOptionSubView.swift in Sources */,
				C359F0EF219257CF002F4FB9 /* SignUpController.swift in Sources */,
				C34AF407216114F4007DD25D /* SettingsPage.swift in Sources */,
				C3A63353215D9C9E004278E4 /* TabBar.swift in Sources */,
				C3A63356215D9CD2004278E4 /* Colors.swift in Sources */,
				C37C3482218F3FC000FBBB87 /* NewOption.swift in Sources */,
				C3A6335C215DA0D5004278E4 /* InformationScreens.swift in Sources */,
				C376B03E2187AB7B00D4C1A7 /* UIViewControllerExtension.swift in Sources */,
				C3F0ECE02176ACFB00C0AC1B /* ColorView.swift in Sources */,
				C35E56AA219F0F370088113F /* Storage.swift in Sources */,
				C34AF4092161350F007DD25D /* SlantedView.swift in Sources */,
				C359F0F12193698F002F4FB9 /* SignInController.swift in Sources */,
				C34AF403216112E3007DD25D /* Onboarding.swift in Sources */,
				C3B7E3AE216D00230043AC43 /* PhotoCell.swift in Sources */,
				C3F0ECE4217BE0EF00C0AC1B /* CollectionViewCells.swift in Sources */,
				C3A63359215D9D24004278E4 /* HomeWorkCell.swift in Sources */,
				C35E56AD21A45EA00088113F /* Classes.swift in Sources */,
				C3F0ECE22176B11E00C0AC1B /* ColorTap.swift in Sources */,
				C3A6333C215D9C1D004278E4 /* AppDelegate.swift in Sources */,
				C35FF04A2170E85C004AE2AA /* AssignmentViewController.swift in Sources */,
				C399AC4621812D1600527F2B /* NewAssignmentView.swift in Sources */,
				C3A63351215D9C71004278E4 /* HomeWork.swift in Sources */,
				C34AF40D21616A01007DD25D /* Button.swift in Sources */,
				C3B7E3AC216C12BC0043AC43 /* WorkView.swift in Sources */,
				C372663F218E42370011BBEF /* NewClassViewController.swift in Sources */,
				C3B7E3B5216D65FD0043AC43 /* AuthActions.swift in Sources */,
				C35E56AF21A594DE0088113F /* JunkFile.swift in Sources */,
			);
			runOnlyForDeploymentPostprocessing = 0;
		};
/* End PBXSourcesBuildPhase section */

/* Begin PBXVariantGroup section */
		C3A6333F215D9C1D004278E4 /* Main.storyboard */ = {
			isa = PBXVariantGroup;
			children = (
				C3A63340215D9C1D004278E4 /* Base */,
			);
			name = Main.storyboard;
			sourceTree = "<group>";
		};
		C3A63344215D9C1E004278E4 /* LaunchScreen.storyboard */ = {
			isa = PBXVariantGroup;
			children = (
				C3A63345215D9C1E004278E4 /* Base */,
			);
			name = LaunchScreen.storyboard;
			sourceTree = "<group>";
		};
/* End PBXVariantGroup section */

/* Begin XCBuildConfiguration section */
		C3A63348215D9C1E004278E4 /* Debug */ = {
			isa = XCBuildConfiguration;
			buildSettings = {
				ALWAYS_SEARCH_USER_PATHS = NO;
				CLANG_ANALYZER_NONNULL = YES;
				CLANG_ANALYZER_NUMBER_OBJECT_CONVERSION = YES_AGGRESSIVE;
				CLANG_CXX_LANGUAGE_STANDARD = "gnu++14";
				CLANG_CXX_LIBRARY = "libc++";
				CLANG_ENABLE_MODULES = YES;
				CLANG_ENABLE_OBJC_ARC = YES;
				CLANG_ENABLE_OBJC_WEAK = YES;
				CLANG_WARN_BLOCK_CAPTURE_AUTORELEASING = YES;
				CLANG_WARN_BOOL_CONVERSION = YES;
				CLANG_WARN_COMMA = YES;
				CLANG_WARN_CONSTANT_CONVERSION = YES;
				CLANG_WARN_DEPRECATED_OBJC_IMPLEMENTATIONS = YES;
				CLANG_WARN_DIRECT_OBJC_ISA_USAGE = YES_ERROR;
				CLANG_WARN_DOCUMENTATION_COMMENTS = YES;
				CLANG_WARN_EMPTY_BODY = YES;
				CLANG_WARN_ENUM_CONVERSION = YES;
				CLANG_WARN_INFINITE_RECURSION = YES;
				CLANG_WARN_INT_CONVERSION = YES;
				CLANG_WARN_NON_LITERAL_NULL_CONVERSION = YES;
				CLANG_WARN_OBJC_IMPLICIT_RETAIN_SELF = YES;
				CLANG_WARN_OBJC_LITERAL_CONVERSION = YES;
				CLANG_WARN_OBJC_ROOT_CLASS = YES_ERROR;
				CLANG_WARN_RANGE_LOOP_ANALYSIS = YES;
				CLANG_WARN_STRICT_PROTOTYPES = YES;
				CLANG_WARN_SUSPICIOUS_MOVE = YES;
				CLANG_WARN_UNGUARDED_AVAILABILITY = YES_AGGRESSIVE;
				CLANG_WARN_UNREACHABLE_CODE = YES;
				CLANG_WARN__DUPLICATE_METHOD_MATCH = YES;
				CODE_SIGN_IDENTITY = "iPhone Developer";
				COPY_PHASE_STRIP = NO;
				DEBUG_INFORMATION_FORMAT = dwarf;
				ENABLE_STRICT_OBJC_MSGSEND = YES;
				ENABLE_TESTABILITY = YES;
				GCC_C_LANGUAGE_STANDARD = gnu11;
				GCC_DYNAMIC_NO_PIC = NO;
				GCC_NO_COMMON_BLOCKS = YES;
				GCC_OPTIMIZATION_LEVEL = 0;
				GCC_PREPROCESSOR_DEFINITIONS = (
					"DEBUG=1",
					"$(inherited)",
				);
				GCC_WARN_64_TO_32_BIT_CONVERSION = YES;
				GCC_WARN_ABOUT_RETURN_TYPE = YES_ERROR;
				GCC_WARN_UNDECLARED_SELECTOR = YES;
				GCC_WARN_UNINITIALIZED_AUTOS = YES_AGGRESSIVE;
				GCC_WARN_UNUSED_FUNCTION = YES;
				GCC_WARN_UNUSED_VARIABLE = YES;
				IPHONEOS_DEPLOYMENT_TARGET = 12.0;
				MTL_ENABLE_DEBUG_INFO = INCLUDE_SOURCE;
				MTL_FAST_MATH = YES;
				ONLY_ACTIVE_ARCH = YES;
				SDKROOT = iphoneos;
				SWIFT_ACTIVE_COMPILATION_CONDITIONS = DEBUG;
				SWIFT_OPTIMIZATION_LEVEL = "-Onone";
			};
			name = Debug;
		};
		C3A63349215D9C1E004278E4 /* Release */ = {
			isa = XCBuildConfiguration;
			buildSettings = {
				ALWAYS_SEARCH_USER_PATHS = NO;
				CLANG_ANALYZER_NONNULL = YES;
				CLANG_ANALYZER_NUMBER_OBJECT_CONVERSION = YES_AGGRESSIVE;
				CLANG_CXX_LANGUAGE_STANDARD = "gnu++14";
				CLANG_CXX_LIBRARY = "libc++";
				CLANG_ENABLE_MODULES = YES;
				CLANG_ENABLE_OBJC_ARC = YES;
				CLANG_ENABLE_OBJC_WEAK = YES;
				CLANG_WARN_BLOCK_CAPTURE_AUTORELEASING = YES;
				CLANG_WARN_BOOL_CONVERSION = YES;
				CLANG_WARN_COMMA = YES;
				CLANG_WARN_CONSTANT_CONVERSION = YES;
				CLANG_WARN_DEPRECATED_OBJC_IMPLEMENTATIONS = YES;
				CLANG_WARN_DIRECT_OBJC_ISA_USAGE = YES_ERROR;
				CLANG_WARN_DOCUMENTATION_COMMENTS = YES;
				CLANG_WARN_EMPTY_BODY = YES;
				CLANG_WARN_ENUM_CONVERSION = YES;
				CLANG_WARN_INFINITE_RECURSION = YES;
				CLANG_WARN_INT_CONVERSION = YES;
				CLANG_WARN_NON_LITERAL_NULL_CONVERSION = YES;
				CLANG_WARN_OBJC_IMPLICIT_RETAIN_SELF = YES;
				CLANG_WARN_OBJC_LITERAL_CONVERSION = YES;
				CLANG_WARN_OBJC_ROOT_CLASS = YES_ERROR;
				CLANG_WARN_RANGE_LOOP_ANALYSIS = YES;
				CLANG_WARN_STRICT_PROTOTYPES = YES;
				CLANG_WARN_SUSPICIOUS_MOVE = YES;
				CLANG_WARN_UNGUARDED_AVAILABILITY = YES_AGGRESSIVE;
				CLANG_WARN_UNREACHABLE_CODE = YES;
				CLANG_WARN__DUPLICATE_METHOD_MATCH = YES;
				CODE_SIGN_IDENTITY = "iPhone Developer";
				COPY_PHASE_STRIP = NO;
				DEBUG_INFORMATION_FORMAT = "dwarf-with-dsym";
				ENABLE_NS_ASSERTIONS = NO;
				ENABLE_STRICT_OBJC_MSGSEND = YES;
				GCC_C_LANGUAGE_STANDARD = gnu11;
				GCC_NO_COMMON_BLOCKS = YES;
				GCC_WARN_64_TO_32_BIT_CONVERSION = YES;
				GCC_WARN_ABOUT_RETURN_TYPE = YES_ERROR;
				GCC_WARN_UNDECLARED_SELECTOR = YES;
				GCC_WARN_UNINITIALIZED_AUTOS = YES_AGGRESSIVE;
				GCC_WARN_UNUSED_FUNCTION = YES;
				GCC_WARN_UNUSED_VARIABLE = YES;
				IPHONEOS_DEPLOYMENT_TARGET = 12.0;
				MTL_ENABLE_DEBUG_INFO = NO;
				MTL_FAST_MATH = YES;
				SDKROOT = iphoneos;
				SWIFT_COMPILATION_MODE = wholemodule;
				SWIFT_OPTIMIZATION_LEVEL = "-O";
				VALIDATE_PRODUCT = YES;
			};
			name = Release;
		};
		C3A6334B215D9C1E004278E4 /* Debug */ = {
			isa = XCBuildConfiguration;
			baseConfigurationReference = 05947C263C5A272C4E005408 /* Pods-HomeWorkerClassGen.debug.xcconfig */;
			buildSettings = {
				ASSETCATALOG_COMPILER_APPICON_NAME = AppIcon;
				CODE_SIGN_STYLE = Automatic;
				DEVELOPMENT_TEAM = YFEHL9G6ZJ;
				INFOPLIST_FILE = HomeWorkerClassGen/Info.plist;
				LD_RUNPATH_SEARCH_PATHS = (
					"$(inherited)",
					"@executable_path/Frameworks",
				);
				PRODUCT_BUNDLE_IDENTIFIER = angrybearcode.HomeWorkerClassGen;
				PRODUCT_NAME = "$(TARGET_NAME)";
				SWIFT_VERSION = 4.2;
				TARGETED_DEVICE_FAMILY = "1,2";
			};
			name = Debug;
		};
		C3A6334C215D9C1E004278E4 /* Release */ = {
			isa = XCBuildConfiguration;
			baseConfigurationReference = 4B3A662EBDB0EB71139319B4 /* Pods-HomeWorkerClassGen.release.xcconfig */;
			buildSettings = {
				ASSETCATALOG_COMPILER_APPICON_NAME = AppIcon;
				CODE_SIGN_STYLE = Automatic;
				DEVELOPMENT_TEAM = YFEHL9G6ZJ;
				INFOPLIST_FILE = HomeWorkerClassGen/Info.plist;
				LD_RUNPATH_SEARCH_PATHS = (
					"$(inherited)",
					"@executable_path/Frameworks",
				);
				PRODUCT_BUNDLE_IDENTIFIER = angrybearcode.HomeWorkerClassGen;
				PRODUCT_NAME = "$(TARGET_NAME)";
				SWIFT_VERSION = 4.2;
				TARGETED_DEVICE_FAMILY = "1,2";
			};
			name = Release;
		};
/* End XCBuildConfiguration section */

/* Begin XCConfigurationList section */
		C3A63333215D9C1D004278E4 /* Build configuration list for PBXProject "HomeWorkerClassGen" */ = {
			isa = XCConfigurationList;
			buildConfigurations = (
				C3A63348215D9C1E004278E4 /* Debug */,
				C3A63349215D9C1E004278E4 /* Release */,
			);
			defaultConfigurationIsVisible = 0;
			defaultConfigurationName = Release;
		};
		C3A6334A215D9C1E004278E4 /* Build configuration list for PBXNativeTarget "HomeWorkerClassGen" */ = {
			isa = XCConfigurationList;
			buildConfigurations = (
				C3A6334B215D9C1E004278E4 /* Debug */,
				C3A6334C215D9C1E004278E4 /* Release */,
			);
			defaultConfigurationIsVisible = 0;
			defaultConfigurationName = Release;
		};
/* End XCConfigurationList section */
	};
	rootObject = C3A63330215D9C1D004278E4 /* Project object */;
}
